
Microsoft Visual Studio Solution File, Format Version 12.00
# Visual Studio Version 16
VisualStudioVersion = 16.0.29806.167
MinimumVisualStudioVersion = 10.0.40219.1
Project("{888888A0-9F3D-457C-B088-3A5042F75D52}") = "Modul4__Kel49_ Phyton", "Modul4__Kel49_ Phyton.pyproj", "{A1CBCD9A-0F1F-42CD-8211-7856D8F6D47D}"
EndProject
Global
	GlobalSection(SolutionConfigurationPlatforms) = preSolution
		Debug|Any CPU = Debug|Any CPU
		Release|Any CPU = Release|Any CPU
	EndGlobalSection
	GlobalSection(ProjectConfigurationPlatforms) = postSolution
		{A1CBCD9A-0F1F-42CD-8211-7856D8F6D47D}.Debug|Any CPU.ActiveCfg = Debug|Any CPU
		{A1CBCD9A-0F1F-42CD-8211-7856D8F6D47D}.Release|Any CPU.ActiveCfg = Release|Any CPU
	EndGlobalSection
	GlobalSection(SolutionProperties) = preSolution
		HideSolutionNode = FALSE
	EndGlobalSection
	GlobalSection(ExtensibilityGlobals) = postSolution
		SolutionGuid = {769D18B8-0CFB-4ABF-899D-679F2412B051}
	EndGlobalSection
EndGlobal
